
Microsoft Visual Studio Solution File, Format Version 12.00
# Visual Studio Version 16
VisualStudioVersion = 16.0.31105.61
MinimumVisualStudioVersion = 10.0.40219.1
Project("{FAE04EC0-301F-11D3-BF4B-00C04F79EFBC}") = "FlightApp", "FlightApp\FlightApp.csproj", "{A6386503-9812-4E76-B5E1-66FE46C02B01}"
EndProject
Global
	GlobalSection(SolutionConfigurationPlatforms) = preSolution
		Debug|Any CPU = Debug|Any CPU
		Release|Any CPU = Release|Any CPU
	EndGlobalSection
	GlobalSection(ProjectConfigurationPlatforms) = postSolution
		{A6386503-9812-4E76-B5E1-66FE46C02B01}.Debug|Any CPU.ActiveCfg = Debug|Any CPU
		{A6386503-9812-4E76-B5E1-66FE46C02B01}.Debug|Any CPU.Build.0 = Debug|Any CPU
		{A6386503-9812-4E76-B5E1-66FE46C02B01}.Release|Any CPU.ActiveCfg = Release|Any CPU
		{A6386503-9812-4E76-B5E1-66FE46C02B01}.Release|Any CPU.Build.0 = Release|Any CPU
	EndGlobalSection
	GlobalSection(SolutionProperties) = preSolution
		HideSolutionNode = FALSE
	EndGlobalSection
	GlobalSection(ExtensibilityGlobals) = postSolution
		SolutionGuid = {AEACCADD-1DC3-418A-BCBA-C8862D012450}
	EndGlobalSection
EndGlobal
